
Microsoft Visual Studio Solution File, Format Version 12.00
# Visual Studio Version 17
VisualStudioVersion = 17.14.36705.20 d17.14
MinimumVisualStudioVersion = 10.0.40219.1
Project("{FAE04EC0-301F-11D3-BF4B-00C04F79EFBC}") = "TimerTema4NEW", "TimerTema4NEW.csproj", "{6F3AD3CA-2719-42E6-81F3-2A0F50B50C1D}"
EndProject
Global
	GlobalSection(SolutionConfigurationPlatforms) = preSolution
		Debug|Any CPU = Debug|Any CPU
		Release|Any CPU = Release|Any CPU
	EndGlobalSection
	GlobalSection(ProjectConfigurationPlatforms) = postSolution
		{6F3AD3CA-2719-42E6-81F3-2A0F50B50C1D}.Debug|Any CPU.ActiveCfg = Debug|Any CPU
		{6F3AD3CA-2719-42E6-81F3-2A0F50B50C1D}.Debug|Any CPU.Build.0 = Debug|Any CPU
		{6F3AD3CA-2719-42E6-81F3-2A0F50B50C1D}.Release|Any CPU.ActiveCfg = Release|Any CPU
		{6F3AD3CA-2719-42E6-81F3-2A0F50B50C1D}.Release|Any CPU.Build.0 = Release|Any CPU
	EndGlobalSection
	GlobalSection(SolutionProperties) = preSolution
		HideSolutionNode = FALSE
	EndGlobalSection
	GlobalSection(ExtensibilityGlobals) = postSolution
		SolutionGuid = {7124A54D-E558-4807-90E7-C9112B6B78BF}
	EndGlobalSection
EndGlobal
