
Microsoft Visual Studio Solution File, Format Version 12.00
# Visual Studio Version 17
VisualStudioVersion = 17.14.36429.23
MinimumVisualStudioVersion = 10.0.40219.1
Project("{FAE04EC0-301F-11D3-BF4B-00C04F79EFBC}") = "Presentacion", "Presentacion\Presentacion.csproj", "{DB69455B-16C6-4459-8CC3-7C928A27D042}"
EndProject
Project("{FAE04EC0-301F-11D3-BF4B-00C04F79EFBC}") = "Datos", "Datos\Datos.csproj", "{F87E363E-87D7-4754-BED5-F7C4F703CA90}"
EndProject
Project("{FAE04EC0-301F-11D3-BF4B-00C04F79EFBC}") = "Negocio", "Negocio\Negocio.csproj", "{7F3F8093-7FB9-4770-A459-013F2714C8D5}"
EndProject
Global
	GlobalSection(SolutionConfigurationPlatforms) = preSolution
		Debug|Any CPU = Debug|Any CPU
		Release|Any CPU = Release|Any CPU
	EndGlobalSection
	GlobalSection(ProjectConfigurationPlatforms) = postSolution
		{DB69455B-16C6-4459-8CC3-7C928A27D042}.Debug|Any CPU.ActiveCfg = Debug|Any CPU
		{DB69455B-16C6-4459-8CC3-7C928A27D042}.Debug|Any CPU.Build.0 = Debug|Any CPU
		{DB69455B-16C6-4459-8CC3-7C928A27D042}.Release|Any CPU.ActiveCfg = Release|Any CPU
		{DB69455B-16C6-4459-8CC3-7C928A27D042}.Release|Any CPU.Build.0 = Release|Any CPU
		{F87E363E-87D7-4754-BED5-F7C4F703CA90}.Debug|Any CPU.ActiveCfg = Debug|Any CPU
		{F87E363E-87D7-4754-BED5-F7C4F703CA90}.Debug|Any CPU.Build.0 = Debug|Any CPU
		{F87E363E-87D7-4754-BED5-F7C4F703CA90}.Release|Any CPU.ActiveCfg = Release|Any CPU
		{F87E363E-87D7-4754-BED5-F7C4F703CA90}.Release|Any CPU.Build.0 = Release|Any CPU
		{7F3F8093-7FB9-4770-A459-013F2714C8D5}.Debug|Any CPU.ActiveCfg = Debug|Any CPU
		{7F3F8093-7FB9-4770-A459-013F2714C8D5}.Debug|Any CPU.Build.0 = Debug|Any CPU
		{7F3F8093-7FB9-4770-A459-013F2714C8D5}.Release|Any CPU.ActiveCfg = Release|Any CPU
		{7F3F8093-7FB9-4770-A459-013F2714C8D5}.Release|Any CPU.Build.0 = Release|Any CPU
	EndGlobalSection
	GlobalSection(SolutionProperties) = preSolution
		HideSolutionNode = FALSE
	EndGlobalSection
	GlobalSection(ExtensibilityGlobals) = postSolution
		SolutionGuid = {0F326498-F9CA-4DA6-A18B-DBFD6828CC0D}
	EndGlobalSection
EndGlobal
